
Microsoft Visual Studio Solution File, Format Version 12.00
# Visual Studio Version 16
VisualStudioVersion = 16.0.29519.181
MinimumVisualStudioVersion = 10.0.40219.1
Project("{FAE04EC0-301F-11D3-BF4B-00C04F79EFBC}") = "MachineIntelligence-Grpc-BaseballPredictions", "MachineIntelligence-Grpc-BaseballPredictions\MachineIntelligence-Grpc-BaseballPredictions.csproj", "{D66FD575-E22B-40C3-B3B4-8E95562F3C41}"
EndProject
Project("{FAE04EC0-301F-11D3-BF4B-00C04F79EFBC}") = "MachineIntelligence-Grpc-BaseballPredictions.Client", "MachineIntelligence-Grpc-BaseballPredictions.Client\MachineIntelligence-Grpc-BaseballPredictions.Client.csproj", "{A890E880-137B-42C2-BA7B-524997B866D3}"
EndProject
Global
	GlobalSection(SolutionConfigurationPlatforms) = preSolution
		Debug|Any CPU = Debug|Any CPU
		Release|Any CPU = Release|Any CPU
	EndGlobalSection
	GlobalSection(ProjectConfigurationPlatforms) = postSolution
		{D66FD575-E22B-40C3-B3B4-8E95562F3C41}.Debug|Any CPU.ActiveCfg = Debug|Any CPU
		{D66FD575-E22B-40C3-B3B4-8E95562F3C41}.Debug|Any CPU.Build.0 = Debug|Any CPU
		{D66FD575-E22B-40C3-B3B4-8E95562F3C41}.Release|Any CPU.ActiveCfg = Release|Any CPU
		{D66FD575-E22B-40C3-B3B4-8E95562F3C41}.Release|Any CPU.Build.0 = Release|Any CPU
		{A890E880-137B-42C2-BA7B-524997B866D3}.Debug|Any CPU.ActiveCfg = Debug|Any CPU
		{A890E880-137B-42C2-BA7B-524997B866D3}.Debug|Any CPU.Build.0 = Debug|Any CPU
		{A890E880-137B-42C2-BA7B-524997B866D3}.Release|Any CPU.ActiveCfg = Release|Any CPU
		{A890E880-137B-42C2-BA7B-524997B866D3}.Release|Any CPU.Build.0 = Release|Any CPU
	EndGlobalSection
	GlobalSection(SolutionProperties) = preSolution
		HideSolutionNode = FALSE
	EndGlobalSection
	GlobalSection(ExtensibilityGlobals) = postSolution
		SolutionGuid = {97967718-11B1-4116-B34A-729F1F15A28C}
	EndGlobalSection
EndGlobal
